
Microsoft Visual Studio Solution File, Format Version 12.00
# Visual Studio Version 17
VisualStudioVersion = 17.4.33205.214
MinimumVisualStudioVersion = 10.0.40219.1
Project("{FAE04EC0-301F-11D3-BF4B-00C04F79EFBC}") = "ComarchZadania.Server", "ComarchZadania\Server\ComarchZadania.Server.csproj", "{331C9782-7CDA-4DE9-B005-FD8AA67657E3}"
EndProject
Project("{FAE04EC0-301F-11D3-BF4B-00C04F79EFBC}") = "ComarchZadania.Client", "ComarchZadania\Client\ComarchZadania.Client.csproj", "{2C3CAA82-BAA3-4FC3-9791-816FCDD2C7D6}"
EndProject
Project("{FAE04EC0-301F-11D3-BF4B-00C04F79EFBC}") = "ComarchZadania.Shared", "ComarchZadania\Shared\ComarchZadania.Shared.csproj", "{C2557031-01AD-4BD8-A7BE-5A9FAB53B8D6}"
EndProject
Global
	GlobalSection(SolutionConfigurationPlatforms) = preSolution
		Debug|Any CPU = Debug|Any CPU
		Release|Any CPU = Release|Any CPU
	EndGlobalSection
	GlobalSection(ProjectConfigurationPlatforms) = postSolution
		{331C9782-7CDA-4DE9-B005-FD8AA67657E3}.Debug|Any CPU.ActiveCfg = Debug|Any CPU
		{331C9782-7CDA-4DE9-B005-FD8AA67657E3}.Debug|Any CPU.Build.0 = Debug|Any CPU
		{331C9782-7CDA-4DE9-B005-FD8AA67657E3}.Release|Any CPU.ActiveCfg = Release|Any CPU
		{331C9782-7CDA-4DE9-B005-FD8AA67657E3}.Release|Any CPU.Build.0 = Release|Any CPU
		{2C3CAA82-BAA3-4FC3-9791-816FCDD2C7D6}.Debug|Any CPU.ActiveCfg = Debug|Any CPU
		{2C3CAA82-BAA3-4FC3-9791-816FCDD2C7D6}.Debug|Any CPU.Build.0 = Debug|Any CPU
		{2C3CAA82-BAA3-4FC3-9791-816FCDD2C7D6}.Release|Any CPU.ActiveCfg = Release|Any CPU
		{2C3CAA82-BAA3-4FC3-9791-816FCDD2C7D6}.Release|Any CPU.Build.0 = Release|Any CPU
		{C2557031-01AD-4BD8-A7BE-5A9FAB53B8D6}.Debug|Any CPU.ActiveCfg = Debug|Any CPU
		{C2557031-01AD-4BD8-A7BE-5A9FAB53B8D6}.Debug|Any CPU.Build.0 = Debug|Any CPU
		{C2557031-01AD-4BD8-A7BE-5A9FAB53B8D6}.Release|Any CPU.ActiveCfg = Release|Any CPU
		{C2557031-01AD-4BD8-A7BE-5A9FAB53B8D6}.Release|Any CPU.Build.0 = Release|Any CPU
	EndGlobalSection
	GlobalSection(SolutionProperties) = preSolution
		HideSolutionNode = FALSE
	EndGlobalSection
	GlobalSection(ExtensibilityGlobals) = postSolution
		SolutionGuid = {AA3B9B87-FDBC-44C6-BC73-F03C3C62064D}
	EndGlobalSection
EndGlobal
